
Microsoft Visual Studio Solution File, Format Version 12.00
# Visual Studio Version 17
VisualStudioVersion = 17.0.31903.59
MinimumVisualStudioVersion = 10.0.40219.1
Project("{2150E333-8FDC-42A3-9474-1A3956D46DE8}") = "tests", "tests", "{51E44854-97DA-4EE4-9791-BB41858A4203}"
EndProject
Project("{2150E333-8FDC-42A3-9474-1A3956D46DE8}") = "src", "src", "{F6FBE045-6BEA-4F82-91B5-827510FDAD46}"
EndProject
Project("{2150E333-8FDC-42A3-9474-1A3956D46DE8}") = "ems", "ems", "{A412DAB3-E75C-4E82-AE73-A1796B807099}"
EndProject
Project("{FAE04EC0-301F-11D3-BF4B-00C04F79EFBC}") = "AMP.EMS.API", "src\ems\AMP.EMS.API\AMP.EMS.API.csproj", "{6E7A422D-DAFD-4E68-888B-6CAFE4F744F8}"
EndProject
Project("{2150E333-8FDC-42A3-9474-1A3956D46DE8}") = "shared", "shared", "{F2857C4C-807F-4B3A-8286-DC4C2C22C4B1}"
EndProject
Project("{FAE04EC0-301F-11D3-BF4B-00C04F79EFBC}") = "AMP.Shared", "src\shared\AMP.Shared\AMP.Shared.csproj", "{0E900D0C-C86F-46A1-90D5-5EF4F4C306D3}"
EndProject
Project("{FAE04EC0-301F-11D3-BF4B-00C04F79EFBC}") = "AMP.EMS.Infrastructure", "src\ems\AMP.EMS.Infrastructure\AMP.EMS.Infrastructure.csproj", "{6068805C-3900-4D3F-B752-8EFA52609B64}"
EndProject
Project("{FAE04EC0-301F-11D3-BF4B-00C04F79EFBC}") = "AMP.EMS.Core", "src\ems\AMP.EMS.Core\AMP.EMS.Core.csproj", "{A3624C49-BAD1-4D05-9B6F-7EC3E9A43556}"
EndProject
Project("{2150E333-8FDC-42A3-9474-1A3956D46DE8}") = "shared", "shared", "{7A033C9D-8BEB-43C5-B6A4-0A6310DCFE3B}"
EndProject
Project("{FAE04EC0-301F-11D3-BF4B-00C04F79EFBC}") = "AMP.Shared.Tests", "tests\shared\AMP.Shared.Tests\AMP.Shared.Tests.csproj", "{D3A5E60B-D09F-4B6D-9D8A-71DDEA3B9A60}"
EndProject
Global
	GlobalSection(SolutionConfigurationPlatforms) = preSolution
		Debug|Any CPU = Debug|Any CPU
		Release|Any CPU = Release|Any CPU
	EndGlobalSection
	GlobalSection(ProjectConfigurationPlatforms) = postSolution
		{6E7A422D-DAFD-4E68-888B-6CAFE4F744F8}.Debug|Any CPU.ActiveCfg = Debug|Any CPU
		{6E7A422D-DAFD-4E68-888B-6CAFE4F744F8}.Debug|Any CPU.Build.0 = Debug|Any CPU
		{6E7A422D-DAFD-4E68-888B-6CAFE4F744F8}.Release|Any CPU.ActiveCfg = Release|Any CPU
		{6E7A422D-DAFD-4E68-888B-6CAFE4F744F8}.Release|Any CPU.Build.0 = Release|Any CPU
		{0E900D0C-C86F-46A1-90D5-5EF4F4C306D3}.Debug|Any CPU.ActiveCfg = Debug|Any CPU
		{0E900D0C-C86F-46A1-90D5-5EF4F4C306D3}.Debug|Any CPU.Build.0 = Debug|Any CPU
		{0E900D0C-C86F-46A1-90D5-5EF4F4C306D3}.Release|Any CPU.ActiveCfg = Release|Any CPU
		{0E900D0C-C86F-46A1-90D5-5EF4F4C306D3}.Release|Any CPU.Build.0 = Release|Any CPU
		{6068805C-3900-4D3F-B752-8EFA52609B64}.Debug|Any CPU.ActiveCfg = Debug|Any CPU
		{6068805C-3900-4D3F-B752-8EFA52609B64}.Debug|Any CPU.Build.0 = Debug|Any CPU
		{6068805C-3900-4D3F-B752-8EFA52609B64}.Release|Any CPU.ActiveCfg = Release|Any CPU
		{6068805C-3900-4D3F-B752-8EFA52609B64}.Release|Any CPU.Build.0 = Release|Any CPU
		{A3624C49-BAD1-4D05-9B6F-7EC3E9A43556}.Debug|Any CPU.ActiveCfg = Debug|Any CPU
		{A3624C49-BAD1-4D05-9B6F-7EC3E9A43556}.Debug|Any CPU.Build.0 = Debug|Any CPU
		{A3624C49-BAD1-4D05-9B6F-7EC3E9A43556}.Release|Any CPU.ActiveCfg = Release|Any CPU
		{A3624C49-BAD1-4D05-9B6F-7EC3E9A43556}.Release|Any CPU.Build.0 = Release|Any CPU
		{D3A5E60B-D09F-4B6D-9D8A-71DDEA3B9A60}.Debug|Any CPU.ActiveCfg = Debug|Any CPU
		{D3A5E60B-D09F-4B6D-9D8A-71DDEA3B9A60}.Debug|Any CPU.Build.0 = Debug|Any CPU
		{D3A5E60B-D09F-4B6D-9D8A-71DDEA3B9A60}.Release|Any CPU.ActiveCfg = Release|Any CPU
		{D3A5E60B-D09F-4B6D-9D8A-71DDEA3B9A60}.Release|Any CPU.Build.0 = Release|Any CPU
	EndGlobalSection
	GlobalSection(SolutionProperties) = preSolution
		HideSolutionNode = FALSE
	EndGlobalSection
	GlobalSection(NestedProjects) = preSolution
		{A412DAB3-E75C-4E82-AE73-A1796B807099} = {F6FBE045-6BEA-4F82-91B5-827510FDAD46}
		{6E7A422D-DAFD-4E68-888B-6CAFE4F744F8} = {A412DAB3-E75C-4E82-AE73-A1796B807099}
		{F2857C4C-807F-4B3A-8286-DC4C2C22C4B1} = {F6FBE045-6BEA-4F82-91B5-827510FDAD46}
		{0E900D0C-C86F-46A1-90D5-5EF4F4C306D3} = {F2857C4C-807F-4B3A-8286-DC4C2C22C4B1}
		{6068805C-3900-4D3F-B752-8EFA52609B64} = {A412DAB3-E75C-4E82-AE73-A1796B807099}
		{A3624C49-BAD1-4D05-9B6F-7EC3E9A43556} = {A412DAB3-E75C-4E82-AE73-A1796B807099}
		{7A033C9D-8BEB-43C5-B6A4-0A6310DCFE3B} = {51E44854-97DA-4EE4-9791-BB41858A4203}
		{D3A5E60B-D09F-4B6D-9D8A-71DDEA3B9A60} = {7A033C9D-8BEB-43C5-B6A4-0A6310DCFE3B}
	EndGlobalSection
EndGlobal
