
Microsoft Visual Studio Solution File, Format Version 12.00
# Visual Studio Version 17
VisualStudioVersion = 17.0.31903.59
MinimumVisualStudioVersion = 10.0.40219.1
Project("{2150E333-8FDC-42A3-9474-1A3956D46DE8}") = "tests", "tests", "{51E44854-97DA-4EE4-9791-BB41858A4203}"
EndProject
Project("{2150E333-8FDC-42A3-9474-1A3956D46DE8}") = "src", "src", "{F6FBE045-6BEA-4F82-91B5-827510FDAD46}"
EndProject
Project("{2150E333-8FDC-42A3-9474-1A3956D46DE8}") = "api", "api", "{A412DAB3-E75C-4E82-AE73-A1796B807099}"
EndProject
Project("{FAE04EC0-301F-11D3-BF4B-00C04F79EFBC}") = "AMP.EMS.API", "src\api\AMP.EMS.API\AMP.EMS.API.csproj", "{13E86C8C-EB2E-45F7-8342-BB238B1C08FB}"
EndProject
Project("{2150E333-8FDC-42A3-9474-1A3956D46DE8}") = "common", "common", "{6B6A547A-58A8-4F24-8E30-1D4C354E92B0}"
EndProject
Project("{FAE04EC0-301F-11D3-BF4B-00C04F79EFBC}") = "AMP.Identity.API", "src\api\AMP.Identity.API\AMP.Identity.API.csproj", "{9564DD52-3A07-4C12-92AF-8E4E41D44B2F}"
EndProject
Project("{FAE04EC0-301F-11D3-BF4B-00C04F79EFBC}") = "AMP.Core", "src\common\AMP.Core\AMP.Core.csproj", "{6154C0B9-D0D3-45E6-822B-96415EC7C300}"
EndProject
Project("{FAE04EC0-301F-11D3-BF4B-00C04F79EFBC}") = "AMP.Infrastructure", "src\common\AMP.Infrastructure\AMP.Infrastructure.csproj", "{253E6619-494A-4E29-907E-054EB497AF87}"
EndProject
Project("{FAE04EC0-301F-11D3-BF4B-00C04F79EFBC}") = "TheIdServer.BlazorApp", "src\api\TheIdServer.BlazorApp\TheIdServer.BlazorApp.csproj", "{34BEE789-5862-470E-8DD5-756673F4C418}"
EndProject
Project("{2150E333-8FDC-42A3-9474-1A3956D46DE8}") = "api", "api", "{8D28D067-4D03-48D6-BA65-0BED892AE2F4}"
EndProject
Project("{FAE04EC0-301F-11D3-BF4B-00C04F79EFBC}") = "AMP.EMS.API.Tests", "tests\api\AMP.EMS.API.Tests\AMP.EMS.API.Tests.csproj", "{04FCD568-AE40-4633-90C0-64713C229FEA}"
EndProject
Global
	GlobalSection(SolutionConfigurationPlatforms) = preSolution
		Debug|Any CPU = Debug|Any CPU
		Release|Any CPU = Release|Any CPU
	EndGlobalSection
	GlobalSection(ProjectConfigurationPlatforms) = postSolution
		{13E86C8C-EB2E-45F7-8342-BB238B1C08FB}.Debug|Any CPU.ActiveCfg = Debug|Any CPU
		{13E86C8C-EB2E-45F7-8342-BB238B1C08FB}.Debug|Any CPU.Build.0 = Debug|Any CPU
		{13E86C8C-EB2E-45F7-8342-BB238B1C08FB}.Release|Any CPU.ActiveCfg = Release|Any CPU
		{13E86C8C-EB2E-45F7-8342-BB238B1C08FB}.Release|Any CPU.Build.0 = Release|Any CPU
		{9564DD52-3A07-4C12-92AF-8E4E41D44B2F}.Debug|Any CPU.ActiveCfg = Debug|Any CPU
		{9564DD52-3A07-4C12-92AF-8E4E41D44B2F}.Debug|Any CPU.Build.0 = Debug|Any CPU
		{9564DD52-3A07-4C12-92AF-8E4E41D44B2F}.Release|Any CPU.ActiveCfg = Release|Any CPU
		{9564DD52-3A07-4C12-92AF-8E4E41D44B2F}.Release|Any CPU.Build.0 = Release|Any CPU
		{6154C0B9-D0D3-45E6-822B-96415EC7C300}.Debug|Any CPU.ActiveCfg = Debug|Any CPU
		{6154C0B9-D0D3-45E6-822B-96415EC7C300}.Debug|Any CPU.Build.0 = Debug|Any CPU
		{6154C0B9-D0D3-45E6-822B-96415EC7C300}.Release|Any CPU.ActiveCfg = Release|Any CPU
		{6154C0B9-D0D3-45E6-822B-96415EC7C300}.Release|Any CPU.Build.0 = Release|Any CPU
		{253E6619-494A-4E29-907E-054EB497AF87}.Debug|Any CPU.ActiveCfg = Debug|Any CPU
		{253E6619-494A-4E29-907E-054EB497AF87}.Debug|Any CPU.Build.0 = Debug|Any CPU
		{253E6619-494A-4E29-907E-054EB497AF87}.Release|Any CPU.ActiveCfg = Release|Any CPU
		{253E6619-494A-4E29-907E-054EB497AF87}.Release|Any CPU.Build.0 = Release|Any CPU
		{34BEE789-5862-470E-8DD5-756673F4C418}.Debug|Any CPU.ActiveCfg = Debug|Any CPU
		{34BEE789-5862-470E-8DD5-756673F4C418}.Debug|Any CPU.Build.0 = Debug|Any CPU
		{34BEE789-5862-470E-8DD5-756673F4C418}.Release|Any CPU.ActiveCfg = Release|Any CPU
		{34BEE789-5862-470E-8DD5-756673F4C418}.Release|Any CPU.Build.0 = Release|Any CPU
		{04FCD568-AE40-4633-90C0-64713C229FEA}.Debug|Any CPU.ActiveCfg = Debug|Any CPU
		{04FCD568-AE40-4633-90C0-64713C229FEA}.Debug|Any CPU.Build.0 = Debug|Any CPU
		{04FCD568-AE40-4633-90C0-64713C229FEA}.Release|Any CPU.ActiveCfg = Release|Any CPU
		{04FCD568-AE40-4633-90C0-64713C229FEA}.Release|Any CPU.Build.0 = Release|Any CPU
	EndGlobalSection
	GlobalSection(SolutionProperties) = preSolution
		HideSolutionNode = FALSE
	EndGlobalSection
	GlobalSection(NestedProjects) = preSolution
		{A412DAB3-E75C-4E82-AE73-A1796B807099} = {F6FBE045-6BEA-4F82-91B5-827510FDAD46}
		{13E86C8C-EB2E-45F7-8342-BB238B1C08FB} = {A412DAB3-E75C-4E82-AE73-A1796B807099}
		{6B6A547A-58A8-4F24-8E30-1D4C354E92B0} = {F6FBE045-6BEA-4F82-91B5-827510FDAD46}
		{9564DD52-3A07-4C12-92AF-8E4E41D44B2F} = {A412DAB3-E75C-4E82-AE73-A1796B807099}
		{6154C0B9-D0D3-45E6-822B-96415EC7C300} = {6B6A547A-58A8-4F24-8E30-1D4C354E92B0}
		{253E6619-494A-4E29-907E-054EB497AF87} = {6B6A547A-58A8-4F24-8E30-1D4C354E92B0}
		{34BEE789-5862-470E-8DD5-756673F4C418} = {A412DAB3-E75C-4E82-AE73-A1796B807099}
		{8D28D067-4D03-48D6-BA65-0BED892AE2F4} = {51E44854-97DA-4EE4-9791-BB41858A4203}
		{04FCD568-AE40-4633-90C0-64713C229FEA} = {8D28D067-4D03-48D6-BA65-0BED892AE2F4}
	EndGlobalSection
EndGlobal
